// !$*UTF8*$!
{
	archiveVersion = 1;
	classes = {
	};
	objectVersion = 56;
	objects = {

/* Begin PBXBuildFile section */
		AB5DF4B829F2C5C500C3D0A9 /* AuthorizationViewController.swift in Sources */ = {isa = PBXBuildFile; fileRef = AB5DF4B729F2C5C500C3D0A9 /* AuthorizationViewController.swift */; };
		AB5DF4BA29F2E06200C3D0A9 /* UserRequestModel.swift in Sources */ = {isa = PBXBuildFile; fileRef = AB5DF4B929F2E06200C3D0A9 /* UserRequestModel.swift */; };
		AB5DF4BC29F3220B00C3D0A9 /* LoginModel.swift in Sources */ = {isa = PBXBuildFile; fileRef = AB5DF4BB29F3220B00C3D0A9 /* LoginModel.swift */; };
		AB5DF4C029F3246A00C3D0A9 /* CollectionViewController.swift in Sources */ = {isa = PBXBuildFile; fileRef = AB5DF4BF29F3246A00C3D0A9 /* CollectionViewController.swift */; };
		AB5DF4C829F50DFF00C3D0A9 /* CollectionViewCell.swift in Sources */ = {isa = PBXBuildFile; fileRef = AB5DF4C729F50DFF00C3D0A9 /* CollectionViewCell.swift */; };
		AB5DF4CB29F5106600C3D0A9 /* AlbumModel.swift in Sources */ = {isa = PBXBuildFile; fileRef = AB5DF4CA29F5106600C3D0A9 /* AlbumModel.swift */; };
		AB5DF4CD29F529FD00C3D0A9 /* SegmetCollectionViewController.swift in Sources */ = {isa = PBXBuildFile; fileRef = AB5DF4CC29F529FD00C3D0A9 /* SegmetCollectionViewController.swift */; };
		AB5DF4CF29F52D1100C3D0A9 /* SegmentCollectionViewCell.swift in Sources */ = {isa = PBXBuildFile; fileRef = AB5DF4CE29F52D1100C3D0A9 /* SegmentCollectionViewCell.swift */; };
		AB5DF4D129F57A2600C3D0A9 /* UserStorage.swift in Sources */ = {isa = PBXBuildFile; fileRef = AB5DF4D029F57A2600C3D0A9 /* UserStorage.swift */; };
		AB5DF4D329F6922700C3D0A9 /* DataUpdateLog.swift in Sources */ = {isa = PBXBuildFile; fileRef = AB5DF4D229F6922700C3D0A9 /* DataUpdateLog.swift */; };
		ABF3C09E29F1E522007FFA30 /* AppDelegate.swift in Sources */ = {isa = PBXBuildFile; fileRef = ABF3C09D29F1E522007FFA30 /* AppDelegate.swift */; };
		ABF3C0A029F1E522007FFA30 /* SceneDelegate.swift in Sources */ = {isa = PBXBuildFile; fileRef = ABF3C09F29F1E522007FFA30 /* SceneDelegate.swift */; };
		ABF3C0A229F1E522007FFA30 /* ViewController.swift in Sources */ = {isa = PBXBuildFile; fileRef = ABF3C0A129F1E522007FFA30 /* ViewController.swift */; };
		ABF3C0A529F1E523007FFA30 /* Main.storyboard in Resources */ = {isa = PBXBuildFile; fileRef = ABF3C0A329F1E523007FFA30 /* Main.storyboard */; };
		ABF3C0A729F1E524007FFA30 /* Assets.xcassets in Resources */ = {isa = PBXBuildFile; fileRef = ABF3C0A629F1E524007FFA30 /* Assets.xcassets */; };
		ABF3C0AA29F1E524007FFA30 /* LaunchScreen.storyboard in Resources */ = {isa = PBXBuildFile; fileRef = ABF3C0A829F1E524007FFA30 /* LaunchScreen.storyboard */; };
		ABFCC9CF29F71F3F00DF9D68 /* AlbumRequestModel.swift in Sources */ = {isa = PBXBuildFile; fileRef = ABFCC9CE29F71F3F00DF9D68 /* AlbumRequestModel.swift */; };
/* End PBXBuildFile section */

/* Begin PBXFileReference section */
		AB5DF4B729F2C5C500C3D0A9 /* AuthorizationViewController.swift */ = {isa = PBXFileReference; lastKnownFileType = sourcecode.swift; path = AuthorizationViewController.swift; sourceTree = "<group>"; };
		AB5DF4B929F2E06200C3D0A9 /* UserRequestModel.swift */ = {isa = PBXFileReference; lastKnownFileType = sourcecode.swift; path = UserRequestModel.swift; sourceTree = "<group>"; };
		AB5DF4BB29F3220B00C3D0A9 /* LoginModel.swift */ = {isa = PBXFileReference; lastKnownFileType = sourcecode.swift; path = LoginModel.swift; sourceTree = "<group>"; };
		AB5DF4BF29F3246A00C3D0A9 /* CollectionViewController.swift */ = {isa = PBXFileReference; lastKnownFileType = sourcecode.swift; path = CollectionViewController.swift; sourceTree = "<group>"; };
		AB5DF4C729F50DFF00C3D0A9 /* CollectionViewCell.swift */ = {isa = PBXFileReference; lastKnownFileType = sourcecode.swift; path = CollectionViewCell.swift; sourceTree = "<group>"; };
		AB5DF4CA29F5106600C3D0A9 /* AlbumModel.swift */ = {isa = PBXFileReference; lastKnownFileType = sourcecode.swift; path = AlbumModel.swift; sourceTree = "<group>"; };
		AB5DF4CC29F529FD00C3D0A9 /* SegmetCollectionViewController.swift */ = {isa = PBXFileReference; lastKnownFileType = sourcecode.swift; path = SegmetCollectionViewController.swift; sourceTree = "<group>"; };
		AB5DF4CE29F52D1100C3D0A9 /* SegmentCollectionViewCell.swift */ = {isa = PBXFileReference; lastKnownFileType = sourcecode.swift; path = SegmentCollectionViewCell.swift; sourceTree = "<group>"; };
		AB5DF4D029F57A2600C3D0A9 /* UserStorage.swift */ = {isa = PBXFileReference; lastKnownFileType = sourcecode.swift; path = UserStorage.swift; sourceTree = "<group>"; };
		AB5DF4D229F6922700C3D0A9 /* DataUpdateLog.swift */ = {isa = PBXFileReference; lastKnownFileType = sourcecode.swift; path = DataUpdateLog.swift; sourceTree = "<group>"; };
		ABF3C09A29F1E522007FFA30 /* testingMobileUp.app */ = {isa = PBXFileReference; explicitFileType = wrapper.application; includeInIndex = 0; path = testingMobileUp.app; sourceTree = BUILT_PRODUCTS_DIR; };
		ABF3C09D29F1E522007FFA30 /* AppDelegate.swift */ = {isa = PBXFileReference; lastKnownFileType = sourcecode.swift; path = AppDelegate.swift; sourceTree = "<group>"; };
		ABF3C09F29F1E522007FFA30 /* SceneDelegate.swift */ = {isa = PBXFileReference; lastKnownFileType = sourcecode.swift; path = SceneDelegate.swift; sourceTree = "<group>"; };
		ABF3C0A129F1E522007FFA30 /* ViewController.swift */ = {isa = PBXFileReference; lastKnownFileType = sourcecode.swift; path = ViewController.swift; sourceTree = "<group>"; };
		ABF3C0A429F1E523007FFA30 /* Base */ = {isa = PBXFileReference; lastKnownFileType = file.storyboard; name = Base; path = Base.lproj/Main.storyboard; sourceTree = "<group>"; };
		ABF3C0A629F1E524007FFA30 /* Assets.xcassets */ = {isa = PBXFileReference; lastKnownFileType = folder.assetcatalog; path = Assets.xcassets; sourceTree = "<group>"; };
		ABF3C0A929F1E524007FFA30 /* Base */ = {isa = PBXFileReference; lastKnownFileType = file.storyboard; name = Base; path = Base.lproj/LaunchScreen.storyboard; sourceTree = "<group>"; };
		ABF3C0AB29F1E524007FFA30 /* Info.plist */ = {isa = PBXFileReference; lastKnownFileType = text.plist.xml; path = Info.plist; sourceTree = "<group>"; };
		ABFCC9CE29F71F3F00DF9D68 /* AlbumRequestModel.swift */ = {isa = PBXFileReference; lastKnownFileType = sourcecode.swift; path = AlbumRequestModel.swift; sourceTree = "<group>"; };
/* End PBXFileReference section */

/* Begin PBXFrameworksBuildPhase section */
		ABF3C09729F1E522007FFA30 /* Frameworks */ = {
			isa = PBXFrameworksBuildPhase;
			buildActionMask = 2147483647;
			files = (
			);
			runOnlyForDeploymentPostprocessing = 0;
		};
/* End PBXFrameworksBuildPhase section */

/* Begin PBXGroup section */
		AB5DF4C529F50AA900C3D0A9 /* Model */ = {
			isa = PBXGroup;
			children = (
				AB5DF4B929F2E06200C3D0A9 /* UserRequestModel.swift */,
				AB5DF4BB29F3220B00C3D0A9 /* LoginModel.swift */,
				AB5DF4CA29F5106600C3D0A9 /* AlbumModel.swift */,
				ABFCC9CE29F71F3F00DF9D68 /* AlbumRequestModel.swift */,
			);
			path = Model;
			sourceTree = "<group>";
		};
		AB5DF4C629F50B6F00C3D0A9 /* Controller */ = {
			isa = PBXGroup;
			children = (
				ABF3C0A129F1E522007FFA30 /* ViewController.swift */,
				AB5DF4B729F2C5C500C3D0A9 /* AuthorizationViewController.swift */,
				AB5DF4BF29F3246A00C3D0A9 /* CollectionViewController.swift */,
				AB5DF4CC29F529FD00C3D0A9 /* SegmetCollectionViewController.swift */,
			);
			path = Controller;
			sourceTree = "<group>";
		};
		AB5DF4C929F50E2C00C3D0A9 /* View */ = {
			isa = PBXGroup;
			children = (
				AB5DF4C729F50DFF00C3D0A9 /* CollectionViewCell.swift */,
				AB5DF4CE29F52D1100C3D0A9 /* SegmentCollectionViewCell.swift */,
			);
			path = View;
			sourceTree = "<group>";
		};
		ABF3C09129F1E522007FFA30 = {
			isa = PBXGroup;
			children = (
				ABF3C09C29F1E522007FFA30 /* testingMobilUp */,
				ABF3C09B29F1E522007FFA30 /* Products */,
			);
			sourceTree = "<group>";
		};
		ABF3C09B29F1E522007FFA30 /* Products */ = {
			isa = PBXGroup;
			children = (
				ABF3C09A29F1E522007FFA30 /* testingMobileUp.app */,
			);
			name = Products;
			sourceTree = "<group>";
		};
		ABF3C09C29F1E522007FFA30 /* testingMobilUp */ = {
			isa = PBXGroup;
			children = (
				ABF3C09D29F1E522007FFA30 /* AppDelegate.swift */,
				ABF3C09F29F1E522007FFA30 /* SceneDelegate.swift */,
				AB5DF4D029F57A2600C3D0A9 /* UserStorage.swift */,
				AB5DF4D229F6922700C3D0A9 /* DataUpdateLog.swift */,
				AB5DF4C529F50AA900C3D0A9 /* Model */,
				AB5DF4C929F50E2C00C3D0A9 /* View */,
				AB5DF4C629F50B6F00C3D0A9 /* Controller */,
				ABF3C0A329F1E523007FFA30 /* Main.storyboard */,
				ABF3C0A629F1E524007FFA30 /* Assets.xcassets */,
				ABF3C0A829F1E524007FFA30 /* LaunchScreen.storyboard */,
				ABF3C0AB29F1E524007FFA30 /* Info.plist */,
			);
			path = testingMobilUp;
			sourceTree = "<group>";
		};
/* End PBXGroup section */

/* Begin PBXNativeTarget section */
		ABF3C09929F1E522007FFA30 /* testingMobileUp */ = {
			isa = PBXNativeTarget;
			buildConfigurationList = ABF3C0AE29F1E524007FFA30 /* Build configuration list for PBXNativeTarget "testingMobileUp" */;
			buildPhases = (
				ABF3C09629F1E522007FFA30 /* Sources */,
				ABF3C09729F1E522007FFA30 /* Frameworks */,
				ABF3C09829F1E522007FFA30 /* Resources */,
			);
			buildRules = (
			);
			dependencies = (
			);
			name = testingMobileUp;
			packageProductDependencies = (
			);
			productName = testingMobilUp;
			productReference = ABF3C09A29F1E522007FFA30 /* testingMobileUp.app */;
			productType = "com.apple.product-type.application";
		};
/* End PBXNativeTarget section */

/* Begin PBXProject section */
		ABF3C09229F1E522007FFA30 /* Project object */ = {
			isa = PBXProject;
			attributes = {
				BuildIndependentTargetsInParallel = 1;
				LastSwiftUpdateCheck = 1420;
				LastUpgradeCheck = 1420;
				TargetAttributes = {
					ABF3C09929F1E522007FFA30 = {
						CreatedOnToolsVersion = 14.2;
					};
				};
			};
			buildConfigurationList = ABF3C09529F1E522007FFA30 /* Build configuration list for PBXProject "testingMobileUp" */;
			compatibilityVersion = "Xcode 14.0";
			developmentRegion = en;
			hasScannedForEncodings = 0;
			knownRegions = (
				en,
				Base,
			);
			mainGroup = ABF3C09129F1E522007FFA30;
			packageReferences = (
			);
			productRefGroup = ABF3C09B29F1E522007FFA30 /* Products */;
			projectDirPath = "";
			projectRoot = "";
			targets = (
				ABF3C09929F1E522007FFA30 /* testingMobileUp */,
			);
		};
/* End PBXProject section */

/* Begin PBXResourcesBuildPhase section */
		ABF3C09829F1E522007FFA30 /* Resources */ = {
			isa = PBXResourcesBuildPhase;
			buildActionMask = 2147483647;
			files = (
				ABF3C0AA29F1E524007FFA30 /* LaunchScreen.storyboard in Resources */,
				ABF3C0A729F1E524007FFA30 /* Assets.xcassets in Resources */,
				ABF3C0A529F1E523007FFA30 /* Main.storyboard in Resources */,
			);
			runOnlyForDeploymentPostprocessing = 0;
		};
/* End PBXResourcesBuildPhase section */

/* Begin PBXSourcesBuildPhase section */
		ABF3C09629F1E522007FFA30 /* Sources */ = {
			isa = PBXSourcesBuildPhase;
			buildActionMask = 2147483647;
			files = (
				AB5DF4BA29F2E06200C3D0A9 /* UserRequestModel.swift in Sources */,
				AB5DF4BC29F3220B00C3D0A9 /* LoginModel.swift in Sources */,
				AB5DF4C829F50DFF00C3D0A9 /* CollectionViewCell.swift in Sources */,
				ABF3C0A229F1E522007FFA30 /* ViewController.swift in Sources */,
				AB5DF4CB29F5106600C3D0A9 /* AlbumModel.swift in Sources */,
				ABF3C09E29F1E522007FFA30 /* AppDelegate.swift in Sources */,
				AB5DF4C029F3246A00C3D0A9 /* CollectionViewController.swift in Sources */,
				ABF3C0A029F1E522007FFA30 /* SceneDelegate.swift in Sources */,
				AB5DF4D129F57A2600C3D0A9 /* UserStorage.swift in Sources */,
				ABFCC9CF29F71F3F00DF9D68 /* AlbumRequestModel.swift in Sources */,
				AB5DF4CF29F52D1100C3D0A9 /* SegmentCollectionViewCell.swift in Sources */,
				AB5DF4D329F6922700C3D0A9 /* DataUpdateLog.swift in Sources */,
				AB5DF4B829F2C5C500C3D0A9 /* AuthorizationViewController.swift in Sources */,
				AB5DF4CD29F529FD00C3D0A9 /* SegmetCollectionViewController.swift in Sources */,
			);
			runOnlyForDeploymentPostprocessing = 0;
		};
/* End PBXSourcesBuildPhase section */

/* Begin PBXVariantGroup section */
		ABF3C0A329F1E523007FFA30 /* Main.storyboard */ = {
			isa = PBXVariantGroup;
			children = (
				ABF3C0A429F1E523007FFA30 /* Base */,
			);
			name = Main.storyboard;
			sourceTree = "<group>";
		};
		ABF3C0A829F1E524007FFA30 /* LaunchScreen.storyboard */ = {
			isa = PBXVariantGroup;
			children = (
				ABF3C0A929F1E524007FFA30 /* Base */,
			);
			name = LaunchScreen.storyboard;
			sourceTree = "<group>";
		};
/* End PBXVariantGroup section */

/* Begin XCBuildConfiguration section */
		ABF3C0AC29F1E524007FFA30 /* Debug */ = {
			isa = XCBuildConfiguration;
			buildSettings = {
				ALWAYS_SEARCH_USER_PATHS = NO;
				CLANG_ANALYZER_NONNULL = YES;
				CLANG_ANALYZER_NUMBER_OBJECT_CONVERSION = YES_AGGRESSIVE;
				CLANG_CXX_LANGUAGE_STANDARD = "gnu++20";
				CLANG_ENABLE_MODULES = YES;
				CLANG_ENABLE_OBJC_ARC = YES;
				CLANG_ENABLE_OBJC_WEAK = YES;
				CLANG_WARN_BLOCK_CAPTURE_AUTORELEASING = YES;
				CLANG_WARN_BOOL_CONVERSION = YES;
				CLANG_WARN_COMMA = YES;
				CLANG_WARN_CONSTANT_CONVERSION = YES;
				CLANG_WARN_DEPRECATED_OBJC_IMPLEMENTATIONS = YES;
				CLANG_WARN_DIRECT_OBJC_ISA_USAGE = YES_ERROR;
				CLANG_WARN_DOCUMENTATION_COMMENTS = YES;
				CLANG_WARN_EMPTY_BODY = YES;
				CLANG_WARN_ENUM_CONVERSION = YES;
				CLANG_WARN_INFINITE_RECURSION = YES;
				CLANG_WARN_INT_CONVERSION = YES;
				CLANG_WARN_NON_LITERAL_NULL_CONVERSION = YES;
				CLANG_WARN_OBJC_IMPLICIT_RETAIN_SELF = YES;
				CLANG_WARN_OBJC_LITERAL_CONVERSION = YES;
				CLANG_WARN_OBJC_ROOT_CLASS = YES_ERROR;
				CLANG_WARN_QUOTED_INCLUDE_IN_FRAMEWORK_HEADER = YES;
				CLANG_WARN_RANGE_LOOP_ANALYSIS = YES;
				CLANG_WARN_STRICT_PROTOTYPES = YES;
				CLANG_WARN_SUSPICIOUS_MOVE = YES;
				CLANG_WARN_UNGUARDED_AVAILABILITY = YES_AGGRESSIVE;
				CLANG_WARN_UNREACHABLE_CODE = YES;
				CLANG_WARN__DUPLICATE_METHOD_MATCH = YES;
				COPY_PHASE_STRIP = NO;
				DEBUG_INFORMATION_FORMAT = dwarf;
				ENABLE_STRICT_OBJC_MSGSEND = YES;
				ENABLE_TESTABILITY = YES;
				GCC_C_LANGUAGE_STANDARD = gnu11;
				GCC_DYNAMIC_NO_PIC = NO;
				GCC_NO_COMMON_BLOCKS = YES;
				GCC_OPTIMIZATION_LEVEL = 0;
				GCC_PREPROCESSOR_DEFINITIONS = (
					"DEBUG=1",
					"$(inherited)",
				);
				GCC_WARN_64_TO_32_BIT_CONVERSION = YES;
				GCC_WARN_ABOUT_RETURN_TYPE = YES_ERROR;
				GCC_WARN_UNDECLARED_SELECTOR = YES;
				GCC_WARN_UNINITIALIZED_AUTOS = YES_AGGRESSIVE;
				GCC_WARN_UNUSED_FUNCTION = YES;
				GCC_WARN_UNUSED_VARIABLE = YES;
				IPHONEOS_DEPLOYMENT_TARGET = 16.2;
				MTL_ENABLE_DEBUG_INFO = INCLUDE_SOURCE;
				MTL_FAST_MATH = YES;
				ONLY_ACTIVE_ARCH = YES;
				SDKROOT = iphoneos;
				SWIFT_ACTIVE_COMPILATION_CONDITIONS = DEBUG;
				SWIFT_OPTIMIZATION_LEVEL = "-Onone";
			};
			name = Debug;
		};
		ABF3C0AD29F1E524007FFA30 /* Release */ = {
			isa = XCBuildConfiguration;
			buildSettings = {
				ALWAYS_SEARCH_USER_PATHS = NO;
				CLANG_ANALYZER_NONNULL = YES;
				CLANG_ANALYZER_NUMBER_OBJECT_CONVERSION = YES_AGGRESSIVE;
				CLANG_CXX_LANGUAGE_STANDARD = "gnu++20";
				CLANG_ENABLE_MODULES = YES;
				CLANG_ENABLE_OBJC_ARC = YES;
				CLANG_ENABLE_OBJC_WEAK = YES;
				CLANG_WARN_BLOCK_CAPTURE_AUTORELEASING = YES;
				CLANG_WARN_BOOL_CONVERSION = YES;
				CLANG_WARN_COMMA = YES;
				CLANG_WARN_CONSTANT_CONVERSION = YES;
				CLANG_WARN_DEPRECATED_OBJC_IMPLEMENTATIONS = YES;
				CLANG_WARN_DIRECT_OBJC_ISA_USAGE = YES_ERROR;
				CLANG_WARN_DOCUMENTATION_COMMENTS = YES;
				CLANG_WARN_EMPTY_BODY = YES;
				CLANG_WARN_ENUM_CONVERSION = YES;
				CLANG_WARN_INFINITE_RECURSION = YES;
				CLANG_WARN_INT_CONVERSION = YES;
				CLANG_WARN_NON_LITERAL_NULL_CONVERSION = YES;
				CLANG_WARN_OBJC_IMPLICIT_RETAIN_SELF = YES;
				CLANG_WARN_OBJC_LITERAL_CONVERSION = YES;
				CLANG_WARN_OBJC_ROOT_CLASS = YES_ERROR;
				CLANG_WARN_QUOTED_INCLUDE_IN_FRAMEWORK_HEADER = YES;
				CLANG_WARN_RANGE_LOOP_ANALYSIS = YES;
				CLANG_WARN_STRICT_PROTOTYPES = YES;
				CLANG_WARN_SUSPICIOUS_MOVE = YES;
				CLANG_WARN_UNGUARDED_AVAILABILITY = YES_AGGRESSIVE;
				CLANG_WARN_UNREACHABLE_CODE = YES;
				CLANG_WARN__DUPLICATE_METHOD_MATCH = YES;
				COPY_PHASE_STRIP = NO;
				DEBUG_INFORMATION_FORMAT = "dwarf-with-dsym";
				ENABLE_NS_ASSERTIONS = NO;
				ENABLE_STRICT_OBJC_MSGSEND = YES;
				GCC_C_LANGUAGE_STANDARD = gnu11;
				GCC_NO_COMMON_BLOCKS = YES;
				GCC_WARN_64_TO_32_BIT_CONVERSION = YES;
				GCC_WARN_ABOUT_RETURN_TYPE = YES_ERROR;
				GCC_WARN_UNDECLARED_SELECTOR = YES;
				GCC_WARN_UNINITIALIZED_AUTOS = YES_AGGRESSIVE;
				GCC_WARN_UNUSED_FUNCTION = YES;
				GCC_WARN_UNUSED_VARIABLE = YES;
				IPHONEOS_DEPLOYMENT_TARGET = 16.2;
				MTL_ENABLE_DEBUG_INFO = NO;
				MTL_FAST_MATH = YES;
				SDKROOT = iphoneos;
				SWIFT_COMPILATION_MODE = wholemodule;
				SWIFT_OPTIMIZATION_LEVEL = "-O";
				VALIDATE_PRODUCT = YES;
			};
			name = Release;
		};
		ABF3C0AF29F1E524007FFA30 /* Debug */ = {
			isa = XCBuildConfiguration;
			buildSettings = {
				ASSETCATALOG_COMPILER_APPICON_NAME = AppIcon;
				ASSETCATALOG_COMPILER_GLOBAL_ACCENT_COLOR_NAME = AccentColor;
				CODE_SIGN_STYLE = Automatic;
				CURRENT_PROJECT_VERSION = 1;
				DEVELOPMENT_TEAM = 65ZT2PZTN2;
				GENERATE_INFOPLIST_FILE = YES;
				INFOPLIST_FILE = testingMobilUp/Info.plist;
				INFOPLIST_KEY_UIApplicationSupportsIndirectInputEvents = YES;
				INFOPLIST_KEY_UILaunchStoryboardName = LaunchScreen;
				INFOPLIST_KEY_UIMainStoryboardFile = Main;
				INFOPLIST_KEY_UISupportedInterfaceOrientations_iPad = "UIInterfaceOrientationPortrait UIInterfaceOrientationPortraitUpsideDown UIInterfaceOrientationLandscapeLeft UIInterfaceOrientationLandscapeRight";
				INFOPLIST_KEY_UISupportedInterfaceOrientations_iPhone = "UIInterfaceOrientationPortrait UIInterfaceOrientationLandscapeLeft UIInterfaceOrientationLandscapeRight";
				IPHONEOS_DEPLOYMENT_TARGET = 15.0;
				LD_RUNPATH_SEARCH_PATHS = (
					"$(inherited)",
					"@executable_path/Frameworks",
				);
				MARKETING_VERSION = 1.0;
				PRODUCT_BUNDLE_IDENTIFIER = sulim.cool.testingMobilUp;
				PRODUCT_NAME = "$(TARGET_NAME)";
				SUPPORTED_PLATFORMS = "iphoneos iphonesimulator";
				SUPPORTS_MACCATALYST = NO;
				SUPPORTS_MAC_DESIGNED_FOR_IPHONE_IPAD = NO;
				SWIFT_EMIT_LOC_STRINGS = YES;
				SWIFT_VERSION = 5.0;
				TARGETED_DEVICE_FAMILY = 1;
			};
			name = Debug;
		};
		ABF3C0B029F1E524007FFA30 /* Release */ = {
			isa = XCBuildConfiguration;
			buildSettings = {
				ASSETCATALOG_COMPILER_APPICON_NAME = AppIcon;
				ASSETCATALOG_COMPILER_GLOBAL_ACCENT_COLOR_NAME = AccentColor;
				CODE_SIGN_STYLE = Automatic;
				CURRENT_PROJECT_VERSION = 1;
				DEVELOPMENT_TEAM = 65ZT2PZTN2;
				GENERATE_INFOPLIST_FILE = YES;
				INFOPLIST_FILE = testingMobilUp/Info.plist;
				INFOPLIST_KEY_UIApplicationSupportsIndirectInputEvents = YES;
				INFOPLIST_KEY_UILaunchStoryboardName = LaunchScreen;
				INFOPLIST_KEY_UIMainStoryboardFile = Main;
				INFOPLIST_KEY_UISupportedInterfaceOrientations_iPad = "UIInterfaceOrientationPortrait UIInterfaceOrientationPortraitUpsideDown UIInterfaceOrientationLandscapeLeft UIInterfaceOrientationLandscapeRight";
				INFOPLIST_KEY_UISupportedInterfaceOrientations_iPhone = "UIInterfaceOrientationPortrait UIInterfaceOrientationLandscapeLeft UIInterfaceOrientationLandscapeRight";
				IPHONEOS_DEPLOYMENT_TARGET = 15.0;
				LD_RUNPATH_SEARCH_PATHS = (
					"$(inherited)",
					"@executable_path/Frameworks",
				);
				MARKETING_VERSION = 1.0;
				PRODUCT_BUNDLE_IDENTIFIER = sulim.cool.testingMobilUp;
				PRODUCT_NAME = "$(TARGET_NAME)";
				SUPPORTED_PLATFORMS = "iphoneos iphonesimulator";
				SUPPORTS_MACCATALYST = NO;
				SUPPORTS_MAC_DESIGNED_FOR_IPHONE_IPAD = NO;
				SWIFT_EMIT_LOC_STRINGS = YES;
				SWIFT_VERSION = 5.0;
				TARGETED_DEVICE_FAMILY = 1;
			};
			name = Release;
		};
/* End XCBuildConfiguration section */

/* Begin XCConfigurationList section */
		ABF3C09529F1E522007FFA30 /* Build configuration list for PBXProject "testingMobileUp" */ = {
			isa = XCConfigurationList;
			buildConfigurations = (
				ABF3C0AC29F1E524007FFA30 /* Debug */,
				ABF3C0AD29F1E524007FFA30 /* Release */,
			);
			defaultConfigurationIsVisible = 0;
			defaultConfigurationName = Release;
		};
		ABF3C0AE29F1E524007FFA30 /* Build configuration list for PBXNativeTarget "testingMobileUp" */ = {
			isa = XCConfigurationList;
			buildConfigurations = (
				ABF3C0AF29F1E524007FFA30 /* Debug */,
				ABF3C0B029F1E524007FFA30 /* Release */,
			);
			defaultConfigurationIsVisible = 0;
			defaultConfigurationName = Release;
		};
/* End XCConfigurationList section */
	};
	rootObject = ABF3C09229F1E522007FFA30 /* Project object */;
}
